// !$*UTF8*$!
{
	archiveVersion = 1;
	classes = {
	};
	objectVersion = 56;
	objects = {

/* Begin PBXBuildFile section */
		48158251296CCF15000236F4 /* FLColumnFlowLayoutVC.swift in Sources */ = {isa = PBXBuildFile; fileRef = 48158250296CCF15000236F4 /* FLColumnFlowLayoutVC.swift */; };
		4861D3D32963745C00A6F1B0 /* NetworkManager.swift in Sources */ = {isa = PBXBuildFile; fileRef = 4861D3D22963745C00A6F1B0 /* NetworkManager.swift */; };
		4876A3DB296609090015AC10 /* FollowersCell.swift in Sources */ = {isa = PBXBuildFile; fileRef = 4876A3DA296609090015AC10 /* FollowersCell.swift */; };
		4876A3DD2966098C0015AC10 /* GitHubFollowersAvatarImage.swift in Sources */ = {isa = PBXBuildFile; fileRef = 4876A3DC2966098C0015AC10 /* GitHubFollowersAvatarImage.swift */; };
		488A059129523CF600723938 /* GitHubFollowersLabel.swift in Sources */ = {isa = PBXBuildFile; fileRef = 488A059029523CF600723938 /* GitHubFollowersLabel.swift */; };
		488A059329523EC000723938 /* GitHubFollowersBodyLabel.swift in Sources */ = {isa = PBXBuildFile; fileRef = 488A059229523EC000723938 /* GitHubFollowersBodyLabel.swift */; };
		488A059529523F7800723938 /* AlertViewController.swift in Sources */ = {isa = PBXBuildFile; fileRef = 488A059429523F7800723938 /* AlertViewController.swift */; };
		488A05972952474E00723938 /* UIViewController+.swift in Sources */ = {isa = PBXBuildFile; fileRef = 488A05962952474E00723938 /* UIViewController+.swift */; };
		488A059E2952862D00723938 /* FollowerModel.swift in Sources */ = {isa = PBXBuildFile; fileRef = 488A059D2952862D00723938 /* FollowerModel.swift */; };
		48A9B75E295CCF7200F20219 /* UserModel.swift in Sources */ = {isa = PBXBuildFile; fileRef = 48A9B75D295CCF7200F20219 /* UserModel.swift */; };
		48C12F51297F2418004E33D0 /* GFEmptyStateView.swift in Sources */ = {isa = PBXBuildFile; fileRef = 48C12F50297F2418004E33D0 /* GFEmptyStateView.swift */; };
		48C12F53297F5D43004E33D0 /* UserInfoViewController.swift in Sources */ = {isa = PBXBuildFile; fileRef = 48C12F52297F5D43004E33D0 /* UserInfoViewController.swift */; };
		48C12F56297F6967004E33D0 /* GitHubFollowersError.swift in Sources */ = {isa = PBXBuildFile; fileRef = 48C12F55297F6967004E33D0 /* GitHubFollowersError.swift */; };
		48F52A7C29511B7400B1AFD1 /* AppDelegate.swift in Sources */ = {isa = PBXBuildFile; fileRef = 48F52A7B29511B7400B1AFD1 /* AppDelegate.swift */; };
		48F52A7E29511B7400B1AFD1 /* SceneDelegate.swift in Sources */ = {isa = PBXBuildFile; fileRef = 48F52A7D29511B7400B1AFD1 /* SceneDelegate.swift */; };
		48F52A8529511B7500B1AFD1 /* Assets.xcassets in Resources */ = {isa = PBXBuildFile; fileRef = 48F52A8429511B7500B1AFD1 /* Assets.xcassets */; };
		48F52A8829511B7500B1AFD1 /* LaunchScreen.storyboard in Resources */ = {isa = PBXBuildFile; fileRef = 48F52A8629511B7500B1AFD1 /* LaunchScreen.storyboard */; };
		48F52A9029511FE900B1AFD1 /* SearchViewController.swift in Sources */ = {isa = PBXBuildFile; fileRef = 48F52A8F29511FE900B1AFD1 /* SearchViewController.swift */; };
		48F52A922951201B00B1AFD1 /* FavoriteListViewController.swift in Sources */ = {isa = PBXBuildFile; fileRef = 48F52A912951201B00B1AFD1 /* FavoriteListViewController.swift */; };
		48F52A94295123F900B1AFD1 /* GitHubFollowersButton.swift in Sources */ = {isa = PBXBuildFile; fileRef = 48F52A93295123F900B1AFD1 /* GitHubFollowersButton.swift */; };
		48F52A96295126A400B1AFD1 /* GitHubFollowersTextField.swift in Sources */ = {isa = PBXBuildFile; fileRef = 48F52A95295126A400B1AFD1 /* GitHubFollowersTextField.swift */; };
		48F52A9A2951326D00B1AFD1 /* FollowerListViewController.swift in Sources */ = {isa = PBXBuildFile; fileRef = 48F52A992951326D00B1AFD1 /* FollowerListViewController.swift */; };
/* End PBXBuildFile section */

/* Begin PBXCopyFilesBuildPhase section */
		48CBEA4C295F48E10015A42C /* Embed Foundation Extensions */ = {
			isa = PBXCopyFilesBuildPhase;
			buildActionMask = 2147483647;
			dstPath = "";
			dstSubfolderSpec = 13;
			files = (
			);
			name = "Embed Foundation Extensions";
			runOnlyForDeploymentPostprocessing = 0;
		};
/* End PBXCopyFilesBuildPhase section */

/* Begin PBXFileReference section */
		48158250296CCF15000236F4 /* FLColumnFlowLayoutVC.swift */ = {isa = PBXFileReference; lastKnownFileType = sourcecode.swift; path = FLColumnFlowLayoutVC.swift; sourceTree = "<group>"; };
		4861D3D22963745C00A6F1B0 /* NetworkManager.swift */ = {isa = PBXFileReference; lastKnownFileType = sourcecode.swift; path = NetworkManager.swift; sourceTree = "<group>"; };
		4876A3DA296609090015AC10 /* FollowersCell.swift */ = {isa = PBXFileReference; lastKnownFileType = sourcecode.swift; path = FollowersCell.swift; sourceTree = "<group>"; };
		4876A3DC2966098C0015AC10 /* GitHubFollowersAvatarImage.swift */ = {isa = PBXFileReference; lastKnownFileType = sourcecode.swift; path = GitHubFollowersAvatarImage.swift; sourceTree = "<group>"; };
		488A059029523CF600723938 /* GitHubFollowersLabel.swift */ = {isa = PBXFileReference; lastKnownFileType = sourcecode.swift; path = GitHubFollowersLabel.swift; sourceTree = "<group>"; };
		488A059229523EC000723938 /* GitHubFollowersBodyLabel.swift */ = {isa = PBXFileReference; lastKnownFileType = sourcecode.swift; path = GitHubFollowersBodyLabel.swift; sourceTree = "<group>"; };
		488A059429523F7800723938 /* AlertViewController.swift */ = {isa = PBXFileReference; lastKnownFileType = sourcecode.swift; path = AlertViewController.swift; sourceTree = "<group>"; };
		488A05962952474E00723938 /* UIViewController+.swift */ = {isa = PBXFileReference; lastKnownFileType = sourcecode.swift; path = "UIViewController+.swift"; sourceTree = "<group>"; };
		488A059D2952862D00723938 /* FollowerModel.swift */ = {isa = PBXFileReference; lastKnownFileType = sourcecode.swift; path = FollowerModel.swift; sourceTree = "<group>"; };
		48A9B75D295CCF7200F20219 /* UserModel.swift */ = {isa = PBXFileReference; lastKnownFileType = sourcecode.swift; path = UserModel.swift; sourceTree = "<group>"; };
		48C12F50297F2418004E33D0 /* GFEmptyStateView.swift */ = {isa = PBXFileReference; lastKnownFileType = sourcecode.swift; path = GFEmptyStateView.swift; sourceTree = "<group>"; };
		48C12F52297F5D43004E33D0 /* UserInfoViewController.swift */ = {isa = PBXFileReference; lastKnownFileType = sourcecode.swift; path = UserInfoViewController.swift; sourceTree = "<group>"; };
		48C12F55297F6967004E33D0 /* GitHubFollowersError.swift */ = {isa = PBXFileReference; lastKnownFileType = sourcecode.swift; path = GitHubFollowersError.swift; sourceTree = "<group>"; };
		48CBEA32295F48E10015A42C /* Intents.framework */ = {isa = PBXFileReference; lastKnownFileType = wrapper.framework; name = Intents.framework; path = System/Library/Frameworks/Intents.framework; sourceTree = SDKROOT; };
		48CBEA35295F48E10015A42C /* IntentHandler.swift */ = {isa = PBXFileReference; lastKnownFileType = sourcecode.swift; path = IntentHandler.swift; sourceTree = "<group>"; };
		48CBEA37295F48E10015A42C /* Info.plist */ = {isa = PBXFileReference; lastKnownFileType = text.plist.xml; path = Info.plist; sourceTree = "<group>"; };
		48CBEA3D295F48E10015A42C /* IntentsUI.framework */ = {isa = PBXFileReference; lastKnownFileType = wrapper.framework; name = IntentsUI.framework; path = System/Library/Frameworks/IntentsUI.framework; sourceTree = SDKROOT; };
		48CBEA40295F48E10015A42C /* IntentViewController.swift */ = {isa = PBXFileReference; lastKnownFileType = sourcecode.swift; path = IntentViewController.swift; sourceTree = "<group>"; };
		48CBEA43295F48E10015A42C /* Base */ = {isa = PBXFileReference; lastKnownFileType = file.storyboard; name = Base; path = Base.lproj/MainInterface.storyboard; sourceTree = "<group>"; };
		48CBEA45295F48E10015A42C /* Info.plist */ = {isa = PBXFileReference; lastKnownFileType = text.plist.xml; path = Info.plist; sourceTree = "<group>"; };
		48F52A7829511B7400B1AFD1 /* GitHubFollowers.app */ = {isa = PBXFileReference; explicitFileType = wrapper.application; includeInIndex = 0; path = GitHubFollowers.app; sourceTree = BUILT_PRODUCTS_DIR; };
		48F52A7B29511B7400B1AFD1 /* AppDelegate.swift */ = {isa = PBXFileReference; lastKnownFileType = sourcecode.swift; path = AppDelegate.swift; sourceTree = "<group>"; };
		48F52A7D29511B7400B1AFD1 /* SceneDelegate.swift */ = {isa = PBXFileReference; lastKnownFileType = sourcecode.swift; path = SceneDelegate.swift; sourceTree = "<group>"; };
		48F52A8429511B7500B1AFD1 /* Assets.xcassets */ = {isa = PBXFileReference; lastKnownFileType = folder.assetcatalog; path = Assets.xcassets; sourceTree = "<group>"; };
		48F52A8729511B7500B1AFD1 /* Base */ = {isa = PBXFileReference; lastKnownFileType = file.storyboard; name = Base; path = Base.lproj/LaunchScreen.storyboard; sourceTree = "<group>"; };
		48F52A8929511B7500B1AFD1 /* Info.plist */ = {isa = PBXFileReference; lastKnownFileType = text.plist.xml; path = Info.plist; sourceTree = "<group>"; };
		48F52A8F29511FE900B1AFD1 /* SearchViewController.swift */ = {isa = PBXFileReference; lastKnownFileType = sourcecode.swift; path = SearchViewController.swift; sourceTree = "<group>"; };
		48F52A912951201B00B1AFD1 /* FavoriteListViewController.swift */ = {isa = PBXFileReference; lastKnownFileType = sourcecode.swift; path = FavoriteListViewController.swift; sourceTree = "<group>"; };
		48F52A93295123F900B1AFD1 /* GitHubFollowersButton.swift */ = {isa = PBXFileReference; lastKnownFileType = sourcecode.swift; path = GitHubFollowersButton.swift; sourceTree = "<group>"; };
		48F52A95295126A400B1AFD1 /* GitHubFollowersTextField.swift */ = {isa = PBXFileReference; lastKnownFileType = sourcecode.swift; path = GitHubFollowersTextField.swift; sourceTree = "<group>"; };
		48F52A992951326D00B1AFD1 /* FollowerListViewController.swift */ = {isa = PBXFileReference; lastKnownFileType = sourcecode.swift; path = FollowerListViewController.swift; sourceTree = "<group>"; };
/* End PBXFileReference section */

/* Begin PBXFrameworksBuildPhase section */
		48F52A7529511B7400B1AFD1 /* Frameworks */ = {
			isa = PBXFrameworksBuildPhase;
			buildActionMask = 2147483647;
			files = (
			);
			runOnlyForDeploymentPostprocessing = 0;
		};
/* End PBXFrameworksBuildPhase section */

/* Begin PBXGroup section */
		48158252296CCF1B000236F4 /* View Components */ = {
			isa = PBXGroup;
			children = (
				48158250296CCF15000236F4 /* FLColumnFlowLayoutVC.swift */,
			);
			path = "View Components";
			sourceTree = "<group>";
		};
		48158253296CCF29000236F4 /* Follower List */ = {
			isa = PBXGroup;
			children = (
				48F52A992951326D00B1AFD1 /* FollowerListViewController.swift */,
				48158252296CCF1B000236F4 /* View Components */,
			);
			path = "Follower List";
			sourceTree = "<group>";
		};
		48158254296CCF48000236F4 /* Favorite List */ = {
			isa = PBXGroup;
			children = (
				48F52A912951201B00B1AFD1 /* FavoriteListViewController.swift */,
				48158255296CCF51000236F4 /* View Components */,
			);
			path = "Favorite List";
			sourceTree = "<group>";
		};
		48158255296CCF51000236F4 /* View Components */ = {
			isa = PBXGroup;
			children = (
			);
			path = "View Components";
			sourceTree = "<group>";
		};
		48158256296CCF60000236F4 /* Search */ = {
			isa = PBXGroup;
			children = (
				48F52A8F29511FE900B1AFD1 /* SearchViewController.swift */,
				48158257296CCF69000236F4 /* View Components */,
			);
			path = Search;
			sourceTree = "<group>";
		};
		48158257296CCF69000236F4 /* View Components */ = {
			isa = PBXGroup;
			children = (
			);
			path = "View Components";
			sourceTree = "<group>";
		};
		482C3446296504D900D4059E /* Utilities */ = {
			isa = PBXGroup;
			children = (
				48C12F55297F6967004E33D0 /* GitHubFollowersError.swift */,
			);
			path = Utilities;
			sourceTree = "<group>";
		};
		4861D3D12963744800A6F1B0 /* Managers */ = {
			isa = PBXGroup;
			children = (
				4861D3D22963745C00A6F1B0 /* NetworkManager.swift */,
			);
			path = Managers;
			sourceTree = "<group>";
		};
		4876A3D9296607B30015AC10 /* Cells */ = {
			isa = PBXGroup;
			children = (
				4876A3DA296609090015AC10 /* FollowersCell.swift */,
			);
			path = Cells;
			sourceTree = "<group>";
		};
		488A05982952475900723938 /* Extensions */ = {
			isa = PBXGroup;
			children = (
				488A05962952474E00723938 /* UIViewController+.swift */,
			);
			path = Extensions;
			sourceTree = "<group>";
		};
		488A059A29527AB100723938 /* Custom Views */ = {
			isa = PBXGroup;
			children = (
				48C12F4B297F232B004E33D0 /* Buttons */,
				4876A3D9296607B30015AC10 /* Cells */,
				48C12F4D297F2346004E33D0 /* Image Views */,
				48C12F4F297F2381004E33D0 /* Labels */,
				48C12F4C297F233B004E33D0 /* TextFields */,
				48C12F4E297F2351004E33D0 /* View Controllers */,
				48C12F4A297F231D004E33D0 /* Views */,
			);
			path = "Custom Views";
			sourceTree = "<group>";
		};
		488A059B29527AE500723938 /* Resources */ = {
			isa = PBXGroup;
			children = (
				48F52A7B29511B7400B1AFD1 /* AppDelegate.swift */,
				48F52A8429511B7500B1AFD1 /* Assets.xcassets */,
				48F52A8629511B7500B1AFD1 /* LaunchScreen.storyboard */,
				48F52A7D29511B7400B1AFD1 /* SceneDelegate.swift */,
			);
			path = Resources;
			sourceTree = "<group>";
		};
		488A059C29527F7600723938 /* Models */ = {
			isa = PBXGroup;
			children = (
				488A059D2952862D00723938 /* FollowerModel.swift */,
				48A9B75D295CCF7200F20219 /* UserModel.swift */,
			);
			name = Models;
			sourceTree = "<group>";
		};
		48C12F4A297F231D004E33D0 /* Views */ = {
			isa = PBXGroup;
			children = (
				48C12F50297F2418004E33D0 /* GFEmptyStateView.swift */,
			);
			path = Views;
			sourceTree = "<group>";
		};
		48C12F4B297F232B004E33D0 /* Buttons */ = {
			isa = PBXGroup;
			children = (
				48F52A93295123F900B1AFD1 /* GitHubFollowersButton.swift */,
			);
			path = Buttons;
			sourceTree = "<group>";
		};
		48C12F4C297F233B004E33D0 /* TextFields */ = {
			isa = PBXGroup;
			children = (
				48F52A95295126A400B1AFD1 /* GitHubFollowersTextField.swift */,
			);
			path = TextFields;
			sourceTree = "<group>";
		};
		48C12F4D297F2346004E33D0 /* Image Views */ = {
			isa = PBXGroup;
			children = (
				4876A3DC2966098C0015AC10 /* GitHubFollowersAvatarImage.swift */,
			);
			path = "Image Views";
			sourceTree = "<group>";
		};
		48C12F4E297F2351004E33D0 /* View Controllers */ = {
			isa = PBXGroup;
			children = (
				488A059429523F7800723938 /* AlertViewController.swift */,
			);
			path = "View Controllers";
			sourceTree = "<group>";
		};
		48C12F4F297F2381004E33D0 /* Labels */ = {
			isa = PBXGroup;
			children = (
				488A059229523EC000723938 /* GitHubFollowersBodyLabel.swift */,
				488A059029523CF600723938 /* GitHubFollowersLabel.swift */,
			);
			path = Labels;
			sourceTree = "<group>";
		};
		48C12F54297F5D63004E33D0 /* User Information */ = {
			isa = PBXGroup;
			children = (
				48C12F52297F5D43004E33D0 /* UserInfoViewController.swift */,
			);
			path = "User Information";
			sourceTree = "<group>";
		};
		48CBEA31295F48E10015A42C /* Frameworks */ = {
			isa = PBXGroup;
			children = (
				48CBEA32295F48E10015A42C /* Intents.framework */,
				48CBEA3D295F48E10015A42C /* IntentsUI.framework */,
			);
			name = Frameworks;
			sourceTree = "<group>";
		};
		48CBEA34295F48E10015A42C /* GitHubFollowersAdmin */ = {
			isa = PBXGroup;
			children = (
				48CBEA35295F48E10015A42C /* IntentHandler.swift */,
				48CBEA37295F48E10015A42C /* Info.plist */,
			);
			path = GitHubFollowersAdmin;
			sourceTree = "<group>";
		};
		48CBEA3F295F48E10015A42C /* GitHubFollowersAdminUI */ = {
			isa = PBXGroup;
			children = (
				48CBEA40295F48E10015A42C /* IntentViewController.swift */,
				48CBEA42295F48E10015A42C /* MainInterface.storyboard */,
				48CBEA45295F48E10015A42C /* Info.plist */,
			);
			path = GitHubFollowersAdminUI;
			sourceTree = "<group>";
		};
		48F52A6F29511B7400B1AFD1 = {
			isa = PBXGroup;
			children = (
				48F52A7A29511B7400B1AFD1 /* GitHubFollowers */,
				48CBEA34295F48E10015A42C /* GitHubFollowersAdmin */,
				48CBEA3F295F48E10015A42C /* GitHubFollowersAdminUI */,
				48CBEA31295F48E10015A42C /* Frameworks */,
				48F52A7929511B7400B1AFD1 /* Products */,
			);
			sourceTree = "<group>";
		};
		48F52A7929511B7400B1AFD1 /* Products */ = {
			isa = PBXGroup;
			children = (
				48F52A7829511B7400B1AFD1 /* GitHubFollowers.app */,
			);
			name = Products;
			sourceTree = "<group>";
		};
		48F52A7A29511B7400B1AFD1 /* GitHubFollowers */ = {
			isa = PBXGroup;
			children = (
				48F52A8929511B7500B1AFD1 /* Info.plist */,
				48F52A98295128F700B1AFD1 /* Controllers */,
				488A059A29527AB100723938 /* Custom Views */,
				488A05982952475900723938 /* Extensions */,
				4861D3D12963744800A6F1B0 /* Managers */,
				488A059C29527F7600723938 /* Models */,
				488A059B29527AE500723938 /* Resources */,
				482C3446296504D900D4059E /* Utilities */,
			);
			path = GitHubFollowers;
			sourceTree = "<group>";
		};
		48F52A98295128F700B1AFD1 /* Controllers */ = {
			isa = PBXGroup;
			children = (
				48158254296CCF48000236F4 /* Favorite List */,
				48158253296CCF29000236F4 /* Follower List */,
				48158256296CCF60000236F4 /* Search */,
				48C12F54297F5D63004E33D0 /* User Information */,
			);
			path = Controllers;
			sourceTree = "<group>";
		};
/* End PBXGroup section */

/* Begin PBXNativeTarget section */
		48F52A7729511B7400B1AFD1 /* GitHubFollowers */ = {
			isa = PBXNativeTarget;
			buildConfigurationList = 48F52A8C29511B7500B1AFD1 /* Build configuration list for PBXNativeTarget "GitHubFollowers" */;
			buildPhases = (
				48F52A7429511B7400B1AFD1 /* Sources */,
				48F52A7529511B7400B1AFD1 /* Frameworks */,
				48F52A7629511B7400B1AFD1 /* Resources */,
				48CBEA4C295F48E10015A42C /* Embed Foundation Extensions */,
			);
			buildRules = (
			);
			dependencies = (
			);
			name = GitHubFollowers;
			productName = GitHubFollowers;
			productReference = 48F52A7829511B7400B1AFD1 /* GitHubFollowers.app */;
			productType = "com.apple.product-type.application";
		};
/* End PBXNativeTarget section */

/* Begin PBXProject section */
		48F52A7029511B7400B1AFD1 /* Project object */ = {
			isa = PBXProject;
			attributes = {
				BuildIndependentTargetsInParallel = 1;
				LastSwiftUpdateCheck = 1420;
				LastUpgradeCheck = 1420;
				TargetAttributes = {
					48F52A7729511B7400B1AFD1 = {
						CreatedOnToolsVersion = 14.2;
					};
				};
			};
			buildConfigurationList = 48F52A7329511B7400B1AFD1 /* Build configuration list for PBXProject "GitHubFollowers" */;
			compatibilityVersion = "Xcode 14.0";
			developmentRegion = en;
			hasScannedForEncodings = 0;
			knownRegions = (
				en,
				Base,
			);
			mainGroup = 48F52A6F29511B7400B1AFD1;
			productRefGroup = 48F52A7929511B7400B1AFD1 /* Products */;
			projectDirPath = "";
			projectRoot = "";
			targets = (
				48F52A7729511B7400B1AFD1 /* GitHubFollowers */,
			);
		};
/* End PBXProject section */

/* Begin PBXResourcesBuildPhase section */
		48F52A7629511B7400B1AFD1 /* Resources */ = {
			isa = PBXResourcesBuildPhase;
			buildActionMask = 2147483647;
			files = (
				48F52A8829511B7500B1AFD1 /* LaunchScreen.storyboard in Resources */,
				48F52A8529511B7500B1AFD1 /* Assets.xcassets in Resources */,
			);
			runOnlyForDeploymentPostprocessing = 0;
		};
/* End PBXResourcesBuildPhase section */

/* Begin PBXSourcesBuildPhase section */
		48F52A7429511B7400B1AFD1 /* Sources */ = {
			isa = PBXSourcesBuildPhase;
			buildActionMask = 2147483647;
			files = (
				48F52A96295126A400B1AFD1 /* GitHubFollowersTextField.swift in Sources */,
				48F52A922951201B00B1AFD1 /* FavoriteListViewController.swift in Sources */,
				48F52A9029511FE900B1AFD1 /* SearchViewController.swift in Sources */,
				488A059529523F7800723938 /* AlertViewController.swift in Sources */,
				48158251296CCF15000236F4 /* FLColumnFlowLayoutVC.swift in Sources */,
				48F52A9A2951326D00B1AFD1 /* FollowerListViewController.swift in Sources */,
				48A9B75E295CCF7200F20219 /* UserModel.swift in Sources */,
				48F52A7C29511B7400B1AFD1 /* AppDelegate.swift in Sources */,
				4876A3DD2966098C0015AC10 /* GitHubFollowersAvatarImage.swift in Sources */,
				488A059129523CF600723938 /* GitHubFollowersLabel.swift in Sources */,
				488A059E2952862D00723938 /* FollowerModel.swift in Sources */,
				48C12F56297F6967004E33D0 /* GitHubFollowersError.swift in Sources */,
				488A059329523EC000723938 /* GitHubFollowersBodyLabel.swift in Sources */,
				4876A3DB296609090015AC10 /* FollowersCell.swift in Sources */,
				48C12F51297F2418004E33D0 /* GFEmptyStateView.swift in Sources */,
				4861D3D32963745C00A6F1B0 /* NetworkManager.swift in Sources */,
				488A05972952474E00723938 /* UIViewController+.swift in Sources */,
				48C12F53297F5D43004E33D0 /* UserInfoViewController.swift in Sources */,
				48F52A94295123F900B1AFD1 /* GitHubFollowersButton.swift in Sources */,
				48F52A7E29511B7400B1AFD1 /* SceneDelegate.swift in Sources */,
			);
			runOnlyForDeploymentPostprocessing = 0;
		};
/* End PBXSourcesBuildPhase section */

/* Begin PBXVariantGroup section */
		48CBEA42295F48E10015A42C /* MainInterface.storyboard */ = {
			isa = PBXVariantGroup;
			children = (
				48CBEA43295F48E10015A42C /* Base */,
			);
			name = MainInterface.storyboard;
			sourceTree = "<group>";
		};
		48F52A8629511B7500B1AFD1 /* LaunchScreen.storyboard */ = {
			isa = PBXVariantGroup;
			children = (
				48F52A8729511B7500B1AFD1 /* Base */,
			);
			name = LaunchScreen.storyboard;
			sourceTree = "<group>";
		};
/* End PBXVariantGroup section */

/* Begin XCBuildConfiguration section */
		48F52A8A29511B7500B1AFD1 /* Debug */ = {
			isa = XCBuildConfiguration;
			buildSettings = {
				ALWAYS_SEARCH_USER_PATHS = NO;
				CLANG_ANALYZER_NONNULL = YES;
				CLANG_ANALYZER_NUMBER_OBJECT_CONVERSION = YES_AGGRESSIVE;
				CLANG_CXX_LANGUAGE_STANDARD = "gnu++20";
				CLANG_ENABLE_MODULES = YES;
				CLANG_ENABLE_OBJC_ARC = YES;
				CLANG_ENABLE_OBJC_WEAK = YES;
				CLANG_WARN_BLOCK_CAPTURE_AUTORELEASING = YES;
				CLANG_WARN_BOOL_CONVERSION = YES;
				CLANG_WARN_COMMA = YES;
				CLANG_WARN_CONSTANT_CONVERSION = YES;
				CLANG_WARN_DEPRECATED_OBJC_IMPLEMENTATIONS = YES;
				CLANG_WARN_DIRECT_OBJC_ISA_USAGE = YES_ERROR;
				CLANG_WARN_DOCUMENTATION_COMMENTS = YES;
				CLANG_WARN_EMPTY_BODY = YES;
				CLANG_WARN_ENUM_CONVERSION = YES;
				CLANG_WARN_INFINITE_RECURSION = YES;
				CLANG_WARN_INT_CONVERSION = YES;
				CLANG_WARN_NON_LITERAL_NULL_CONVERSION = YES;
				CLANG_WARN_OBJC_IMPLICIT_RETAIN_SELF = YES;
				CLANG_WARN_OBJC_LITERAL_CONVERSION = YES;
				CLANG_WARN_OBJC_ROOT_CLASS = YES_ERROR;
				CLANG_WARN_QUOTED_INCLUDE_IN_FRAMEWORK_HEADER = YES;
				CLANG_WARN_RANGE_LOOP_ANALYSIS = YES;
				CLANG_WARN_STRICT_PROTOTYPES = YES;
				CLANG_WARN_SUSPICIOUS_MOVE = YES;
				CLANG_WARN_UNGUARDED_AVAILABILITY = YES_AGGRESSIVE;
				CLANG_WARN_UNREACHABLE_CODE = YES;
				CLANG_WARN__DUPLICATE_METHOD_MATCH = YES;
				COPY_PHASE_STRIP = NO;
				DEBUG_INFORMATION_FORMAT = dwarf;
				ENABLE_STRICT_OBJC_MSGSEND = YES;
				ENABLE_TESTABILITY = YES;
				GCC_C_LANGUAGE_STANDARD = gnu11;
				GCC_DYNAMIC_NO_PIC = NO;
				GCC_NO_COMMON_BLOCKS = YES;
				GCC_OPTIMIZATION_LEVEL = 0;
				GCC_PREPROCESSOR_DEFINITIONS = (
					"DEBUG=1",
					"$(inherited)",
				);
				GCC_WARN_64_TO_32_BIT_CONVERSION = YES;
				GCC_WARN_ABOUT_RETURN_TYPE = YES_ERROR;
				GCC_WARN_UNDECLARED_SELECTOR = YES;
				GCC_WARN_UNINITIALIZED_AUTOS = YES_AGGRESSIVE;
				GCC_WARN_UNUSED_FUNCTION = YES;
				GCC_WARN_UNUSED_VARIABLE = YES;
				IPHONEOS_DEPLOYMENT_TARGET = 16.2;
				MTL_ENABLE_DEBUG_INFO = INCLUDE_SOURCE;
				MTL_FAST_MATH = YES;
				ONLY_ACTIVE_ARCH = YES;
				SDKROOT = iphoneos;
				SWIFT_ACTIVE_COMPILATION_CONDITIONS = DEBUG;
				SWIFT_OPTIMIZATION_LEVEL = "-Onone";
			};
			name = Debug;
		};
		48F52A8B29511B7500B1AFD1 /* Release */ = {
			isa = XCBuildConfiguration;
			buildSettings = {
				ALWAYS_SEARCH_USER_PATHS = NO;
				CLANG_ANALYZER_NONNULL = YES;
				CLANG_ANALYZER_NUMBER_OBJECT_CONVERSION = YES_AGGRESSIVE;
				CLANG_CXX_LANGUAGE_STANDARD = "gnu++20";
				CLANG_ENABLE_MODULES = YES;
				CLANG_ENABLE_OBJC_ARC = YES;
				CLANG_ENABLE_OBJC_WEAK = YES;
				CLANG_WARN_BLOCK_CAPTURE_AUTORELEASING = YES;
				CLANG_WARN_BOOL_CONVERSION = YES;
				CLANG_WARN_COMMA = YES;
				CLANG_WARN_CONSTANT_CONVERSION = YES;
				CLANG_WARN_DEPRECATED_OBJC_IMPLEMENTATIONS = YES;
				CLANG_WARN_DIRECT_OBJC_ISA_USAGE = YES_ERROR;
				CLANG_WARN_DOCUMENTATION_COMMENTS = YES;
				CLANG_WARN_EMPTY_BODY = YES;
				CLANG_WARN_ENUM_CONVERSION = YES;
				CLANG_WARN_INFINITE_RECURSION = YES;
				CLANG_WARN_INT_CONVERSION = YES;
				CLANG_WARN_NON_LITERAL_NULL_CONVERSION = YES;
				CLANG_WARN_OBJC_IMPLICIT_RETAIN_SELF = YES;
				CLANG_WARN_OBJC_LITERAL_CONVERSION = YES;
				CLANG_WARN_OBJC_ROOT_CLASS = YES_ERROR;
				CLANG_WARN_QUOTED_INCLUDE_IN_FRAMEWORK_HEADER = YES;
				CLANG_WARN_RANGE_LOOP_ANALYSIS = YES;
				CLANG_WARN_STRICT_PROTOTYPES = YES;
				CLANG_WARN_SUSPICIOUS_MOVE = YES;
				CLANG_WARN_UNGUARDED_AVAILABILITY = YES_AGGRESSIVE;
				CLANG_WARN_UNREACHABLE_CODE = YES;
				CLANG_WARN__DUPLICATE_METHOD_MATCH = YES;
				COPY_PHASE_STRIP = NO;
				DEBUG_INFORMATION_FORMAT = "dwarf-with-dsym";
				ENABLE_NS_ASSERTIONS = NO;
				ENABLE_STRICT_OBJC_MSGSEND = YES;
				GCC_C_LANGUAGE_STANDARD = gnu11;
				GCC_NO_COMMON_BLOCKS = YES;
				GCC_WARN_64_TO_32_BIT_CONVERSION = YES;
				GCC_WARN_ABOUT_RETURN_TYPE = YES_ERROR;
				GCC_WARN_UNDECLARED_SELECTOR = YES;
				GCC_WARN_UNINITIALIZED_AUTOS = YES_AGGRESSIVE;
				GCC_WARN_UNUSED_FUNCTION = YES;
				GCC_WARN_UNUSED_VARIABLE = YES;
				IPHONEOS_DEPLOYMENT_TARGET = 16.2;
				MTL_ENABLE_DEBUG_INFO = NO;
				MTL_FAST_MATH = YES;
				SDKROOT = iphoneos;
				SWIFT_COMPILATION_MODE = wholemodule;
				SWIFT_OPTIMIZATION_LEVEL = "-O";
				VALIDATE_PRODUCT = YES;
			};
			name = Release;
		};
		48F52A8D29511B7500B1AFD1 /* Debug */ = {
			isa = XCBuildConfiguration;
			buildSettings = {
				ALWAYS_EMBED_SWIFT_STANDARD_LIBRARIES = YES;
				ASSETCATALOG_COMPILER_APPICON_NAME = AppIcon;
				ASSETCATALOG_COMPILER_GLOBAL_ACCENT_COLOR_NAME = AccentColor;
				CODE_SIGN_STYLE = Automatic;
				CURRENT_PROJECT_VERSION = 1;
				DEVELOPMENT_TEAM = 672ZF3V2SP;
				GENERATE_INFOPLIST_FILE = YES;
				INFOPLIST_FILE = GitHubFollowers/Info.plist;
				INFOPLIST_KEY_UIApplicationSupportsIndirectInputEvents = YES;
				INFOPLIST_KEY_UILaunchStoryboardName = LaunchScreen;
				INFOPLIST_KEY_UIMainStoryboardFile = "";
				INFOPLIST_KEY_UISupportedInterfaceOrientations = UIInterfaceOrientationPortrait;
				INFOPLIST_KEY_UISupportedInterfaceOrientations_iPad = "UIInterfaceOrientationLandscapeLeft UIInterfaceOrientationPortrait";
				LD_RUNPATH_SEARCH_PATHS = (
					"$(inherited)",
					"@executable_path/Frameworks",
				);
				MARKETING_VERSION = 1.0;
				PRODUCT_BUNDLE_IDENTIFIER = com.moliApp.GitHubFollowers;
				PRODUCT_NAME = "$(TARGET_NAME)";
				SUPPORTED_PLATFORMS = "iphoneos iphonesimulator";
				SUPPORTS_MACCATALYST = NO;
				SUPPORTS_MAC_DESIGNED_FOR_IPHONE_IPAD = NO;
				SWIFT_EMIT_LOC_STRINGS = YES;
				SWIFT_VERSION = 5.0;
				TARGETED_DEVICE_FAMILY = 1;
			};
			name = Debug;
		};
		48F52A8E29511B7500B1AFD1 /* Release */ = {
			isa = XCBuildConfiguration;
			buildSettings = {
				ALWAYS_EMBED_SWIFT_STANDARD_LIBRARIES = YES;
				ASSETCATALOG_COMPILER_APPICON_NAME = AppIcon;
				ASSETCATALOG_COMPILER_GLOBAL_ACCENT_COLOR_NAME = AccentColor;
				CODE_SIGN_STYLE = Automatic;
				CURRENT_PROJECT_VERSION = 1;
				DEVELOPMENT_TEAM = 672ZF3V2SP;
				GENERATE_INFOPLIST_FILE = YES;
				INFOPLIST_FILE = GitHubFollowers/Info.plist;
				INFOPLIST_KEY_UIApplicationSupportsIndirectInputEvents = YES;
				INFOPLIST_KEY_UILaunchStoryboardName = LaunchScreen;
				INFOPLIST_KEY_UIMainStoryboardFile = "";
				INFOPLIST_KEY_UISupportedInterfaceOrientations = UIInterfaceOrientationPortrait;
				INFOPLIST_KEY_UISupportedInterfaceOrientations_iPad = "UIInterfaceOrientationLandscapeLeft UIInterfaceOrientationPortrait";
				LD_RUNPATH_SEARCH_PATHS = (
					"$(inherited)",
					"@executable_path/Frameworks",
				);
				MARKETING_VERSION = 1.0;
				PRODUCT_BUNDLE_IDENTIFIER = com.moliApp.GitHubFollowers;
				PRODUCT_NAME = "$(TARGET_NAME)";
				SUPPORTED_PLATFORMS = "iphoneos iphonesimulator";
				SUPPORTS_MACCATALYST = NO;
				SUPPORTS_MAC_DESIGNED_FOR_IPHONE_IPAD = NO;
				SWIFT_EMIT_LOC_STRINGS = YES;
				SWIFT_VERSION = 5.0;
				TARGETED_DEVICE_FAMILY = 1;
			};
			name = Release;
		};
/* End XCBuildConfiguration section */

/* Begin XCConfigurationList section */
		48F52A7329511B7400B1AFD1 /* Build configuration list for PBXProject "GitHubFollowers" */ = {
			isa = XCConfigurationList;
			buildConfigurations = (
				48F52A8A29511B7500B1AFD1 /* Debug */,
				48F52A8B29511B7500B1AFD1 /* Release */,
			);
			defaultConfigurationIsVisible = 0;
			defaultConfigurationName = Release;
		};
		48F52A8C29511B7500B1AFD1 /* Build configuration list for PBXNativeTarget "GitHubFollowers" */ = {
			isa = XCConfigurationList;
			buildConfigurations = (
				48F52A8D29511B7500B1AFD1 /* Debug */,
				48F52A8E29511B7500B1AFD1 /* Release */,
			);
			defaultConfigurationIsVisible = 0;
			defaultConfigurationName = Release;
		};
/* End XCConfigurationList section */
	};
	rootObject = 48F52A7029511B7400B1AFD1 /* Project object */;
}
